// !$*UTF8*$!
{
	archiveVersion = 1;
	classes = {
	};
	objectVersion = 55;
	objects = {

/* Begin PBXBuildFile section */
		35DEE8D3256B5A09B16D5B51 /* RxSwift.framework in Frameworks */ = {isa = PBXBuildFile; fileRef = 54F9B6D25B31859C31A94D14 /* RxSwift.framework */; };
		84E19C1E667A8AC9D91FDF95 /* Rx+Extension.swift in Sources */ = {isa = PBXBuildFile; fileRef = 3E1DBF71DD28A0B4F9B320D7 /* Rx+Extension.swift */; };
		CE549204A9AB6A6D41D4EF57 /* ReactorKit.framework in Dependencies */ = {isa = PBXBuildFile; fileRef = 7D4E0719ADF154A448BB8781 /* ReactorKit.framework */; };
		F0DCE413358E2A5C561B9F79 /* RxCocoa.framework in Dependencies */ = {isa = PBXBuildFile; fileRef = 5966727E2CB1446358D7769B /* RxCocoa.framework */; };
/* End PBXBuildFile section */

/* Begin PBXCopyFilesBuildPhase section */
		69C0EA124DC362B57A69249B /* Embed Frameworks */ = {
			isa = PBXCopyFilesBuildPhase;
			buildActionMask = 2147483647;
			dstPath = "";
			dstSubfolderSpec = 10;
			files = (
			);
			name = "Embed Frameworks";
			runOnlyForDeploymentPostprocessing = 0;
		};
		8F20D8E77A0C7F1B9307BCFE /* Dependencies */ = {
			isa = PBXCopyFilesBuildPhase;
			buildActionMask = 8;
			dstSubfolderSpec = 16;
			files = (
				CE549204A9AB6A6D41D4EF57 /* ReactorKit.framework in Dependencies */,
				F0DCE413358E2A5C561B9F79 /* RxCocoa.framework in Dependencies */,
			);
			name = Dependencies;
			runOnlyForDeploymentPostprocessing = 1;
		};
/* End PBXCopyFilesBuildPhase section */

/* Begin PBXFileReference section */
		18B08F91F2E92BFA30840BCD /* libReactiveXShared.a */ = {isa = PBXFileReference; explicitFileType = archive.ar; includeInIndex = 0; path = libReactiveXShared.a; sourceTree = BUILT_PRODUCTS_DIR; };
		3E1DBF71DD28A0B4F9B320D7 /* Rx+Extension.swift */ = {isa = PBXFileReference; lastKnownFileType = sourcecode.swift; path = "Rx+Extension.swift"; sourceTree = "<group>"; };
		54F9B6D25B31859C31A94D14 /* RxSwift.framework */ = {isa = PBXFileReference; explicitFileType = wrapper.framework; includeInIndex = 0; path = RxSwift.framework; sourceTree = BUILT_PRODUCTS_DIR; };
		5966727E2CB1446358D7769B /* RxCocoa.framework */ = {isa = PBXFileReference; explicitFileType = wrapper.framework; includeInIndex = 0; path = RxCocoa.framework; sourceTree = BUILT_PRODUCTS_DIR; };
		7D4E0719ADF154A448BB8781 /* ReactorKit.framework */ = {isa = PBXFileReference; explicitFileType = wrapper.framework; includeInIndex = 0; path = ReactorKit.framework; sourceTree = BUILT_PRODUCTS_DIR; };
/* End PBXFileReference section */

/* Begin PBXFrameworksBuildPhase section */
		E67EA52753FE34C470BF7D5E /* Frameworks */ = {
			isa = PBXFrameworksBuildPhase;
			buildActionMask = 2147483647;
			files = (
				35DEE8D3256B5A09B16D5B51 /* RxSwift.framework in Frameworks */,
			);
			runOnlyForDeploymentPostprocessing = 0;
		};
/* End PBXFrameworksBuildPhase section */

/* Begin PBXGroup section */
		09F329A2909A99E4B27CD624 /* Products */ = {
			isa = PBXGroup;
			children = (
				18B08F91F2E92BFA30840BCD /* libReactiveXShared.a */,
				7D4E0719ADF154A448BB8781 /* ReactorKit.framework */,
				5966727E2CB1446358D7769B /* RxCocoa.framework */,
				54F9B6D25B31859C31A94D14 /* RxSwift.framework */,
			);
			name = Products;
			sourceTree = "<group>";
		};
		19F2B44B42D8EF1800A80597 /* Sources */ = {
			isa = PBXGroup;
			children = (
				3E1DBF71DD28A0B4F9B320D7 /* Rx+Extension.swift */,
			);
			path = Sources;
			sourceTree = "<group>";
		};
		228EA527D762C7F090D72CF2 = {
			isa = PBXGroup;
			children = (
				FEA8DCA988831E6C865E9335 /* Project */,
				09F329A2909A99E4B27CD624 /* Products */,
			);
			sourceTree = "<group>";
		};
		FEA8DCA988831E6C865E9335 /* Project */ = {
			isa = PBXGroup;
			children = (
				19F2B44B42D8EF1800A80597 /* Sources */,
			);
			name = Project;
			sourceTree = "<group>";
		};
/* End PBXGroup section */

/* Begin PBXNativeTarget section */
		D932EECB2C09B4533BD07685 /* ReactiveXShared */ = {
			isa = PBXNativeTarget;
			buildConfigurationList = 845B6364D942FDF6CC8AFB68 /* Build configuration list for PBXNativeTarget "ReactiveXShared" */;
			buildPhases = (
				7FEA292B2BEB03760564D913 /* Sources */,
				FB695CC31B8AC42D634D47EE /* Resources */,
				E67EA52753FE34C470BF7D5E /* Frameworks */,
				69C0EA124DC362B57A69249B /* Embed Frameworks */,
				8F20D8E77A0C7F1B9307BCFE /* Dependencies */,
			);
			buildRules = (
			);
			dependencies = (
			);
			name = ReactiveXShared;
			packageProductDependencies = (
			);
			productName = ReactiveXShared;
			productReference = 18B08F91F2E92BFA30840BCD /* libReactiveXShared.a */;
			productType = "com.apple.product-type.library.static";
		};
/* End PBXNativeTarget section */

/* Begin PBXProject section */
		4E2B9637431E4D9CAF3B18E7 /* Project object */ = {
			isa = PBXProject;
			attributes = {
				BuildIndependentTargetsInParallel = YES;
				TargetAttributes = {
				};
			};
			buildConfigurationList = B5F9305837229F1BE2A6D12A /* Build configuration list for PBXProject "ReactiveXShared" */;
			compatibilityVersion = "Xcode 14.0";
			developmentRegion = en;
			hasScannedForEncodings = 0;
			knownRegions = (
				Base,
				en,
			);
			mainGroup = 228EA527D762C7F090D72CF2;
			productRefGroup = 09F329A2909A99E4B27CD624 /* Products */;
			projectDirPath = "";
			projectRoot = "";
			targets = (
				D932EECB2C09B4533BD07685 /* ReactiveXShared */,
			);
		};
/* End PBXProject section */

/* Begin PBXResourcesBuildPhase section */
		FB695CC31B8AC42D634D47EE /* Resources */ = {
			isa = PBXResourcesBuildPhase;
			buildActionMask = 2147483647;
			files = (
			);
			runOnlyForDeploymentPostprocessing = 0;
		};
/* End PBXResourcesBuildPhase section */

/* Begin PBXSourcesBuildPhase section */
		7FEA292B2BEB03760564D913 /* Sources */ = {
			isa = PBXSourcesBuildPhase;
			buildActionMask = 2147483647;
			files = (
				84E19C1E667A8AC9D91FDF95 /* Rx+Extension.swift in Sources */,
			);
			runOnlyForDeploymentPostprocessing = 0;
		};
/* End PBXSourcesBuildPhase section */

/* Begin XCBuildConfiguration section */
		4A0B2AF7C2C5BAB6234BC49A /* Debug */ = {
			isa = XCBuildConfiguration;
			buildSettings = {
				CODE_SIGN_IDENTITY = "iPhone Developer";
				HEADER_SEARCH_PATHS = (
					"$(inherited)",
					"$(inherited)",
					"$(SRCROOT)/../../../Tuist/.build/checkouts/ReactorKit/Sources/ReactorKitRuntime/include",
					"$(SRCROOT)/../../../Tuist/.build/checkouts/RxSwift/Sources/RxCocoaRuntime/include",
				);
				IPHONEOS_DEPLOYMENT_TARGET = 16.0;
				OTHER_CFLAGS = (
					"$(inherited)",
					"-fmodule-map-file=$(SRCROOT)/../../../Tuist/.build/tuist-derived/ReactorKitRuntime/ReactorKitRuntime.modulemap",
					"-fmodule-map-file=$(SRCROOT)/../../../Tuist/.build/tuist-derived/RxCocoaRuntime/RxCocoaRuntime.modulemap",
				);
				OTHER_LDFLAGS = "-ObjC";
				OTHER_SWIFT_FLAGS = (
					"$(inherited)",
					"-Xcc",
					"-fmodule-map-file=$(SRCROOT)/../../../Tuist/.build/tuist-derived/ReactorKitRuntime/ReactorKitRuntime.modulemap",
					"-Xcc",
					"-fmodule-map-file=$(SRCROOT)/../../../Tuist/.build/tuist-derived/RxCocoaRuntime/RxCocoaRuntime.modulemap",
				);
				PRODUCT_BUNDLE_IDENTIFIER = com.talq.ReactiveXShared;
				PRODUCT_NAME = ReactiveXShared;
				SDKROOT = iphoneos;
				SKIP_INSTALL = YES;
				SUPPORTS_MACCATALYST = NO;
				SUPPORTS_MAC_DESIGNED_FOR_IPHONE_IPAD = YES;
				SUPPORTS_XR_DESIGNED_FOR_IPHONE_IPAD = NO;
				SWIFT_ACTIVE_COMPILATION_CONDITIONS = (
					"$(inherited)",
					DEBUG,
				);
				SWIFT_COMPILATION_MODE = singlefile;
				SWIFT_OPTIMIZATION_LEVEL = "-Onone";
				SWIFT_VERSION = 5.0;
				TARGETED_DEVICE_FAMILY = "1,2";
			};
			name = Debug;
		};
		8E042A3FA041E30447CEAFB9 /* Release */ = {
			isa = XCBuildConfiguration;
			buildSettings = {
				ALWAYS_SEARCH_USER_PATHS = NO;
				CLANG_ANALYZER_LOCALIZABILITY_NONLOCALIZED = YES;
				CLANG_ANALYZER_NONNULL = YES;
				CLANG_ANALYZER_NUMBER_OBJECT_CONVERSION = YES_AGGRESSIVE;
				CLANG_CXX_LANGUAGE_STANDARD = "gnu++14";
				CLANG_CXX_LIBRARY = "libc++";
				CLANG_ENABLE_MODULES = YES;
				CLANG_ENABLE_OBJC_ARC = YES;
				CLANG_ENABLE_OBJC_WEAK = YES;
				CLANG_WARN_BLOCK_CAPTURE_AUTORELEASING = YES;
				CLANG_WARN_BOOL_CONVERSION = YES;
				CLANG_WARN_COMMA = YES;
				CLANG_WARN_CONSTANT_CONVERSION = YES;
				CLANG_WARN_DEPRECATED_OBJC_IMPLEMENTATIONS = YES;
				CLANG_WARN_DIRECT_OBJC_ISA_USAGE = YES_ERROR;
				CLANG_WARN_DOCUMENTATION_COMMENTS = YES;
				CLANG_WARN_EMPTY_BODY = YES;
				CLANG_WARN_ENUM_CONVERSION = YES;
				CLANG_WARN_INFINITE_RECURSION = YES;
				CLANG_WARN_INT_CONVERSION = YES;
				CLANG_WARN_NON_LITERAL_NULL_CONVERSION = YES;
				CLANG_WARN_OBJC_IMPLICIT_RETAIN_SELF = YES;
				CLANG_WARN_OBJC_LITERAL_CONVERSION = YES;
				CLANG_WARN_OBJC_ROOT_CLASS = YES_ERROR;
				CLANG_WARN_QUOTED_INCLUDE_IN_FRAMEWORK_HEADER = YES;
				CLANG_WARN_RANGE_LOOP_ANALYSIS = YES;
				CLANG_WARN_STRICT_PROTOTYPES = YES;
				CLANG_WARN_SUSPICIOUS_MOVE = YES;
				CLANG_WARN_UNGUARDED_AVAILABILITY = YES_AGGRESSIVE;
				CLANG_WARN_UNREACHABLE_CODE = YES;
				CLANG_WARN__DUPLICATE_METHOD_MATCH = YES;
				COPY_PHASE_STRIP = NO;
				DEAD_CODE_STRIPPING = YES;
				DEBUG_INFORMATION_FORMAT = "dwarf-with-dsym";
				ENABLE_NS_ASSERTIONS = NO;
				ENABLE_STRICT_OBJC_MSGSEND = YES;
				GCC_C_LANGUAGE_STANDARD = gnu11;
				GCC_NO_COMMON_BLOCKS = YES;
				GCC_WARN_64_TO_32_BIT_CONVERSION = YES;
				GCC_WARN_ABOUT_RETURN_TYPE = YES_ERROR;
				GCC_WARN_UNDECLARED_SELECTOR = YES;
				GCC_WARN_UNINITIALIZED_AUTOS = YES_AGGRESSIVE;
				GCC_WARN_UNUSED_FUNCTION = YES;
				GCC_WARN_UNUSED_VARIABLE = YES;
				MTL_ENABLE_DEBUG_INFO = NO;
				OTHER_LDFLAGS = "-Objc";
				PRODUCT_NAME = "$(TARGET_NAME)";
				VALIDATE_PRODUCT = YES;
			};
			name = Release;
		};
		B0FB3BB66E346E2489A59A33 /* Debug */ = {
			isa = XCBuildConfiguration;
			buildSettings = {
				ALWAYS_SEARCH_USER_PATHS = NO;
				CLANG_ANALYZER_LOCALIZABILITY_NONLOCALIZED = YES;
				CLANG_ANALYZER_NONNULL = YES;
				CLANG_ANALYZER_NUMBER_OBJECT_CONVERSION = YES_AGGRESSIVE;
				CLANG_CXX_LANGUAGE_STANDARD = "gnu++14";
				CLANG_CXX_LIBRARY = "libc++";
				CLANG_ENABLE_MODULES = YES;
				CLANG_ENABLE_OBJC_ARC = YES;
				CLANG_ENABLE_OBJC_WEAK = YES;
				CLANG_WARN_BLOCK_CAPTURE_AUTORELEASING = YES;
				CLANG_WARN_BOOL_CONVERSION = YES;
				CLANG_WARN_COMMA = YES;
				CLANG_WARN_CONSTANT_CONVERSION = YES;
				CLANG_WARN_DEPRECATED_OBJC_IMPLEMENTATIONS = YES;
				CLANG_WARN_DIRECT_OBJC_ISA_USAGE = YES_ERROR;
				CLANG_WARN_DOCUMENTATION_COMMENTS = YES;
				CLANG_WARN_EMPTY_BODY = YES;
				CLANG_WARN_ENUM_CONVERSION = YES;
				CLANG_WARN_INFINITE_RECURSION = YES;
				CLANG_WARN_INT_CONVERSION = YES;
				CLANG_WARN_NON_LITERAL_NULL_CONVERSION = YES;
				CLANG_WARN_OBJC_IMPLICIT_RETAIN_SELF = YES;
				CLANG_WARN_OBJC_LITERAL_CONVERSION = YES;
				CLANG_WARN_OBJC_ROOT_CLASS = YES_ERROR;
				CLANG_WARN_QUOTED_INCLUDE_IN_FRAMEWORK_HEADER = YES;
				CLANG_WARN_RANGE_LOOP_ANALYSIS = YES;
				CLANG_WARN_STRICT_PROTOTYPES = YES;
				CLANG_WARN_SUSPICIOUS_MOVE = YES;
				CLANG_WARN_UNGUARDED_AVAILABILITY = YES_AGGRESSIVE;
				CLANG_WARN_UNREACHABLE_CODE = YES;
				CLANG_WARN__DUPLICATE_METHOD_MATCH = YES;
				COPY_PHASE_STRIP = NO;
				DEAD_CODE_STRIPPING = YES;
				DEBUG_INFORMATION_FORMAT = dwarf;
				ENABLE_STRICT_OBJC_MSGSEND = YES;
				ENABLE_TESTABILITY = YES;
				GCC_C_LANGUAGE_STANDARD = gnu11;
				GCC_DYNAMIC_NO_PIC = NO;
				GCC_NO_COMMON_BLOCKS = YES;
				GCC_OPTIMIZATION_LEVEL = 0;
				GCC_PREPROCESSOR_DEFINITIONS = (
					"DEBUG=1",
					"$(inherited)",
				);
				GCC_WARN_64_TO_32_BIT_CONVERSION = YES;
				GCC_WARN_ABOUT_RETURN_TYPE = YES_ERROR;
				GCC_WARN_UNDECLARED_SELECTOR = YES;
				GCC_WARN_UNINITIALIZED_AUTOS = YES_AGGRESSIVE;
				GCC_WARN_UNUSED_FUNCTION = YES;
				GCC_WARN_UNUSED_VARIABLE = YES;
				MTL_ENABLE_DEBUG_INFO = YES;
				ONLY_ACTIVE_ARCH = YES;
				OTHER_LDFLAGS = "-Objc";
				PRODUCT_NAME = "$(TARGET_NAME)";
			};
			name = Debug;
		};
		E643FE7BFCECB51098955C9C /* Release */ = {
			isa = XCBuildConfiguration;
			buildSettings = {
				CODE_SIGN_IDENTITY = "iPhone Developer";
				HEADER_SEARCH_PATHS = (
					"$(inherited)",
					"$(inherited)",
					"$(SRCROOT)/../../../Tuist/.build/checkouts/ReactorKit/Sources/ReactorKitRuntime/include",
					"$(SRCROOT)/../../../Tuist/.build/checkouts/RxSwift/Sources/RxCocoaRuntime/include",
				);
				IPHONEOS_DEPLOYMENT_TARGET = 16.0;
				OTHER_CFLAGS = (
					"$(inherited)",
					"-fmodule-map-file=$(SRCROOT)/../../../Tuist/.build/tuist-derived/ReactorKitRuntime/ReactorKitRuntime.modulemap",
					"-fmodule-map-file=$(SRCROOT)/../../../Tuist/.build/tuist-derived/RxCocoaRuntime/RxCocoaRuntime.modulemap",
				);
				OTHER_LDFLAGS = "-ObjC";
				OTHER_SWIFT_FLAGS = (
					"$(inherited)",
					"-Xcc",
					"-fmodule-map-file=$(SRCROOT)/../../../Tuist/.build/tuist-derived/ReactorKitRuntime/ReactorKitRuntime.modulemap",
					"-Xcc",
					"-fmodule-map-file=$(SRCROOT)/../../../Tuist/.build/tuist-derived/RxCocoaRuntime/RxCocoaRuntime.modulemap",
				);
				PRODUCT_BUNDLE_IDENTIFIER = com.talq.ReactiveXShared;
				PRODUCT_NAME = ReactiveXShared;
				SDKROOT = iphoneos;
				SKIP_INSTALL = YES;
				SUPPORTS_MACCATALYST = NO;
				SUPPORTS_MAC_DESIGNED_FOR_IPHONE_IPAD = YES;
				SUPPORTS_XR_DESIGNED_FOR_IPHONE_IPAD = NO;
				SWIFT_COMPILATION_MODE = wholemodule;
				SWIFT_OPTIMIZATION_LEVEL = "-Owholemodule";
				SWIFT_VERSION = 5.0;
				TARGETED_DEVICE_FAMILY = "1,2";
			};
			name = Release;
		};
/* End XCBuildConfiguration section */

/* Begin XCConfigurationList section */
		845B6364D942FDF6CC8AFB68 /* Build configuration list for PBXNativeTarget "ReactiveXShared" */ = {
			isa = XCConfigurationList;
			buildConfigurations = (
				4A0B2AF7C2C5BAB6234BC49A /* Debug */,
				E643FE7BFCECB51098955C9C /* Release */,
			);
			defaultConfigurationIsVisible = 0;
			defaultConfigurationName = Release;
		};
		B5F9305837229F1BE2A6D12A /* Build configuration list for PBXProject "ReactiveXShared" */ = {
			isa = XCConfigurationList;
			buildConfigurations = (
				B0FB3BB66E346E2489A59A33 /* Debug */,
				8E042A3FA041E30447CEAFB9 /* Release */,
			);
			defaultConfigurationIsVisible = 0;
			defaultConfigurationName = Release;
		};
/* End XCConfigurationList section */
	};
	rootObject = 4E2B9637431E4D9CAF3B18E7 /* Project object */;
}
